
Microsoft Visual Studio Solution File, Format Version 12.00
# Visual Studio 15
VisualStudioVersion = 15.0.28307.572
MinimumVisualStudioVersion = 10.0.40219.1
Project("{FAE04EC0-301F-11D3-BF4B-00C04F79EFBC}") = "PostcodeIO-API-Wrapper", "PostcodeIO-API-Wrapper.csproj", "{65A82E7B-DACB-4FB3-8D42-291B95D238F6}"
EndProject
Global
	GlobalSection(SolutionConfigurationPlatforms) = preSolution
		Debug|Any CPU = Debug|Any CPU
		Release|Any CPU = Release|Any CPU
	EndGlobalSection
	GlobalSection(ProjectConfigurationPlatforms) = postSolution
		{65A82E7B-DACB-4FB3-8D42-291B95D238F6}.Debug|Any CPU.ActiveCfg = Debug|Any CPU
		{65A82E7B-DACB-4FB3-8D42-291B95D238F6}.Debug|Any CPU.Build.0 = Debug|Any CPU
		{65A82E7B-DACB-4FB3-8D42-291B95D238F6}.Release|Any CPU.ActiveCfg = Release|Any CPU
		{65A82E7B-DACB-4FB3-8D42-291B95D238F6}.Release|Any CPU.Build.0 = Release|Any CPU
	EndGlobalSection
	GlobalSection(SolutionProperties) = preSolution
		HideSolutionNode = FALSE
	EndGlobalSection
	GlobalSection(ExtensibilityGlobals) = postSolution
		SolutionGuid = {6AA4B309-0391-4AED-9975-186C639916DD}
	EndGlobalSection
EndGlobal
